
Microsoft Visual Studio Solution File, Format Version 12.00
# Visual Studio Version 16
VisualStudioVersion = 16.0.29519.87
MinimumVisualStudioVersion = 10.0.40219.1
Project("{FAE04EC0-301F-11D3-BF4B-00C04F79EFBC}") = "Bitmapa_szarosc", "Bitmapa_szarosc\Bitmapa_szarosc.csproj", "{19ED8EBE-31FA-4FF0-BD1D-A1A2970BCAD2}"
EndProject
Global
	GlobalSection(SolutionConfigurationPlatforms) = preSolution
		Debug|Any CPU = Debug|Any CPU
		Release|Any CPU = Release|Any CPU
	EndGlobalSection
	GlobalSection(ProjectConfigurationPlatforms) = postSolution
		{19ED8EBE-31FA-4FF0-BD1D-A1A2970BCAD2}.Debug|Any CPU.ActiveCfg = Debug|Any CPU
		{19ED8EBE-31FA-4FF0-BD1D-A1A2970BCAD2}.Debug|Any CPU.Build.0 = Debug|Any CPU
		{19ED8EBE-31FA-4FF0-BD1D-A1A2970BCAD2}.Release|Any CPU.ActiveCfg = Release|Any CPU
		{19ED8EBE-31FA-4FF0-BD1D-A1A2970BCAD2}.Release|Any CPU.Build.0 = Release|Any CPU
	EndGlobalSection
	GlobalSection(SolutionProperties) = preSolution
		HideSolutionNode = FALSE
	EndGlobalSection
	GlobalSection(ExtensibilityGlobals) = postSolution
		SolutionGuid = {1606D146-114D-4232-854D-291C102D41A4}
	EndGlobalSection
EndGlobal
